
Microsoft Visual Studio Solution File, Format Version 12.00
# Visual Studio Version 17
VisualStudioVersion = 17.13.35931.197 d17.13
MinimumVisualStudioVersion = 10.0.40219.1
Project("{FAE04EC0-301F-11D3-BF4B-00C04F79EFBC}") = "StansLegalWeapons_Il2Cpp", "StansLegalWeapons_Il2Cpp.csproj", "{343C7865-DFA1-1C76-8392-8AD1AA157037}"
EndProject
Global
	GlobalSection(SolutionConfigurationPlatforms) = preSolution
		Debug|Any CPU = Debug|Any CPU
		Release|Any CPU = Release|Any CPU
	EndGlobalSection
	GlobalSection(ProjectConfigurationPlatforms) = postSolution
		{343C7865-DFA1-1C76-8392-8AD1AA157037}.Debug|Any CPU.ActiveCfg = Debug|Any CPU
		{343C7865-DFA1-1C76-8392-8AD1AA157037}.Debug|Any CPU.Build.0 = Debug|Any CPU
		{343C7865-DFA1-1C76-8392-8AD1AA157037}.Release|Any CPU.ActiveCfg = Release|Any CPU
		{343C7865-DFA1-1C76-8392-8AD1AA157037}.Release|Any CPU.Build.0 = Release|Any CPU
	EndGlobalSection
	GlobalSection(SolutionProperties) = preSolution
		HideSolutionNode = FALSE
	EndGlobalSection
	GlobalSection(ExtensibilityGlobals) = postSolution
		SolutionGuid = {6A2CA3C4-652E-4EEB-89D5-B6FDFE89334D}
	EndGlobalSection
EndGlobal
